{
  "schema_version": 1,
  "requirements_file": "ritebook.toml",
  "skills": [
    {
      "requirement": "ondrej-winter-ritebook-shelf/agnostic-software-development/add-observability",
      "index_name": "ondrej-winter-ritebook-shelf",
      "skill_name": "add-observability",
      "target": ".agents/skills/add-observability",
      "source": "git@github.com:ondrej-winter/ritebook-shelf.git",
      "source_type": "git_url",
      "source_revision": "766bb48889dbd29b33177d5c0d6f3ad484913163",
      "index_digest": "sha256:823b0211811e1d484212eadd2278a2ad1366f172a6f295e03756cdba3451a7cf",
      "index_schema_version": 1,
      "skill_path": "skills/agnostic-software-development/add-observability",
      "skill_file": "skills/agnostic-software-development/add-observability/SKILL.md",
      "locked_at": "2026-08-26T18:38:07.025889Z",
      "target_ref": "agents"
    },
    {
      "requirement": "ondrej-winter-ritebook-shelf/agnostic-software-development/api-and-interface-design",
      "index_name": "ondrej-winter-ritebook-shelf",
      "skill_name": "api-and-interface-design",
      "target": ".agents/skills/api-and-interface-design",
      "source": "git@github.com:ondrej-winter/ritebook-shelf.git",
      "source_type": "git_url",
      "source_revision": "766bb48889dbd29b33177d5c0d6f3ad484913163",
      "index_digest": "sha256:823b0211811e1d484212eadd2278a2ad1366f172a6f295e03756cdba3451a7cf",
      "index_schema_version": 1,
      "skill_path": "skills/agnostic-software-development/api-and-interface-design",
      "skill_file": "skills/agnostic-software-development/api-and-interface-design/SKILL.md",
      "locked_at": "2026-08-26T18:38:07.025889Z",
      "target_ref": "agents"
    },
    {
      "requirement": "ondrej-winter-ritebook-shelf/agnostic-software-development/author-agent-skill",
      "index_name": "ondrej-winter-ritebook-shelf",
      "skill_name": "author-agent-skill",
      "target": ".agents/skills/author-agent-skill",
      "source": "git@github.com:ondrej-winter/ritebook-shelf.git",
      "source_type": "git_url",
      "source_revision": "766bb48889dbd29b33177d5c0d6f3ad484913163",
      "index_digest": "sha256:823b0211811e1d484212eadd2278a2ad1366f172a6f295e03756cdba3451a7cf",
      "index_schema_version": 1,
      "skill_path": "skills/agnostic-software-development/author-agent-skill",
      "skill_file": "skills/agnostic-software-development/author-agent-skill/SKILL.md",
      "locked_at": "2026-08-26T18:38:07.025889Z",
      "target_ref": "agents"
    },
    {
      "requirement": "ondrej-winter-ritebook-shelf/agnostic-software-development/browser-runtime-verification",
      "index_name": "ondrej-winter-ritebook-shelf",
      "skill_name": "browser-runtime-verification",
      "target": ".agents/skills/browser-runtime-verification",
      "source": "git@github.com:ondrej-winter/ritebook-shelf.git",
      "source_type": "git_url",
      "source_revision": "766bb48889dbd29b33177d5c0d6f3ad484913163",
      "index_digest": "sha256:823b0211811e1d484212eadd2278a2ad1366f172a6f295e03756cdba3451a7cf",
      "index_schema_version": 1,
      "skill_path": "skills/agnostic-software-development/browser-runtime-verification",
      "skill_file": "skills/agnostic-software-development/browser-runtime-verification/SKILL.md",
      "locked_at": "2026-08-26T18:38:07.025889Z",
      "target_ref": "agents"
    },
    {
      "requirement": "ondrej-winter-ritebook-shelf/agnostic-software-development/ci-cd-and-automation",
      "index_name": "ondrej-winter-ritebook-shelf",
      "skill_name": "ci-cd-and-automation",
      "target": ".agents/skills/ci-cd-and-automation",
      "source": "git@github.com:ondrej-winter/ritebook-shelf.git",
      "source_type": "git_url",
      "source_revision": "766bb48889dbd29b33177d5c0d6f3ad484913163",
      "index_digest": "sha256:823b0211811e1d484212eadd2278a2ad1366f172a6f295e03756cdba3451a7cf",
      "index_schema_version": 1,
      "skill_path": "skills/agnostic-software-development/ci-cd-and-automation",
      "skill_file": "skills/agnostic-software-development/ci-cd-and-automation/SKILL.md",
      "locked_at": "2026-08-26T18:38:07.025889Z",
      "target_ref": "agents"
    },
    {
      "requirement": "ondrej-winter-ritebook-shelf/agnostic-software-development/code-review-and-quality",
      "index_name": "ondrej-winter-ritebook-shelf",
      "skill_name": "code-review-and-quality",
      "target": ".agents/skills/code-review-and-quality",
      "source": "git@github.com:ondrej-winter/ritebook-shelf.git",
      "source_type": "git_url",
      "source_revision": "766bb48889dbd29b33177d5c0d6f3ad484913163",
      "index_digest": "sha256:823b0211811e1d484212eadd2278a2ad1366f172a6f295e03756cdba3451a7cf",
      "index_schema_version": 1,
      "skill_path": "skills/agnostic-software-development/code-review-and-quality",
      "skill_file": "skills/agnostic-software-development/code-review-and-quality/SKILL.md",
      "locked_at": "2026-08-26T18:38:07.025889Z",
      "target_ref": "agents"
    },
    {
      "requirement": "ondrej-winter-ritebook-shelf/agnostic-software-development/code-simplification",
      "index_name": "ondrej-winter-ritebook-shelf",
      "skill_name": "code-simplification",
      "target": ".agents/skills/code-simplification",
      "source": "git@github.com:ondrej-winter/ritebook-shelf.git",
      "source_type": "git_url",
      "source_revision": "766bb48889dbd29b33177d5c0d6f3ad484913163",
      "index_digest": "sha256:823b0211811e1d484212eadd2278a2ad1366f172a6f295e03756cdba3451a7cf",
      "index_schema_version": 1,
      "skill_path": "skills/agnostic-software-development/code-simplification",
      "skill_file": "skills/agnostic-software-development/code-simplification/SKILL.md",
      "locked_at": "2026-08-26T18:38:07.025889Z",
      "target_ref": "agents"
    },
    {
      "requirement": "ondrej-winter-ritebook-shelf/agnostic-software-development/context-engineering",
      "index_name": "ondrej-winter-ritebook-shelf",
      "skill_name": "context-engineering",
      "target": ".agents/skills/context-engineering",
      "source": "git@github.com:ondrej-winter/ritebook-shelf.git",
      "source_type": "git_url",
      "source_revision": "766bb48889dbd29b33177d5c0d6f3ad484913163",
      "index_digest": "sha256:823b0211811e1d484212eadd2278a2ad1366f172a6f295e03756cdba3451a7cf",
      "index_schema_version": 1,
      "skill_path": "skills/agnostic-software-development/context-engineering",
      "skill_file": "skills/agnostic-software-development/context-engineering/SKILL.md",
      "locked_at": "2026-08-26T18:38:07.025889Z",
      "target_ref": "agents"
    },
    {
      "requirement": "ondrej-winter-ritebook-shelf/agnostic-software-development/conventional-commits",
      "index_name": "ondrej-winter-ritebook-shelf",
      "skill_name": "conventional-commits",
      "target": ".agents/skills/conventional-commits",
      "source": "git@github.com:ondrej-winter/ritebook-shelf.git",
      "source_type": "git_url",
      "source_revision": "766bb48889dbd29b33177d5c0d6f3ad484913163",
      "index_digest": "sha256:823b0211811e1d484212eadd2278a2ad1366f172a6f295e03756cdba3451a7cf",
      "index_schema_version": 1,
      "skill_path": "skills/agnostic-software-development/conventional-commits",
      "skill_file": "skills/agnostic-software-development/conventional-commits/SKILL.md",
      "locked_at": "2026-08-26T18:38:07.025889Z",
      "target_ref": "agents"
    },
    {
      "requirement": "ondrej-winter-ritebook-shelf/agnostic-software-development/debugging-and-error-recovery",
      "index_name": "ondrej-winter-ritebook-shelf",
      "skill_name": "debugging-and-error-recovery",
      "target": ".agents/skills/debugging-and-error-recovery",
      "source": "git@github.com:ondrej-winter/ritebook-shelf.git",
      "source_type": "git_url",
      "source_revision": "766bb48889dbd29b33177d5c0d6f3ad484913163",
      "index_digest": "sha256:823b0211811e1d484212eadd2278a2ad1366f172a6f295e03756cdba3451a7cf",
      "index_schema_version": 1,
      "skill_path": "skills/agnostic-software-development/debugging-and-error-recovery",
      "skill_file": "skills/agnostic-software-development/debugging-and-error-recovery/SKILL.md",
      "locked_at": "2026-08-26T18:38:07.025889Z",
      "target_ref": "agents"
    },
    {
      "requirement": "ondrej-winter-ritebook-shelf/agnostic-software-development/deprecation-and-migration",
      "index_name": "ondrej-winter-ritebook-shelf",
      "skill_name": "deprecation-and-migration",
      "target": ".agents/skills/deprecation-and-migration",
      "source": "git@github.com:ondrej-winter/ritebook-shelf.git",
      "source_type": "git_url",
      "source_revision": "766bb48889dbd29b33177d5c0d6f3ad484913163",
      "index_digest": "sha256:823b0211811e1d484212eadd2278a2ad1366f172a6f295e03756cdba3451a7cf",
      "index_schema_version": 1,
      "skill_path": "skills/agnostic-software-development/deprecation-and-migration",
      "skill_file": "skills/agnostic-software-development/deprecation-and-migration/SKILL.md",
      "locked_at": "2026-08-26T18:38:07.025889Z",
      "target_ref": "agents"
    },
    {
      "requirement": "ondrej-winter-ritebook-shelf/agnostic-software-development/documentation-and-adrs",
      "index_name": "ondrej-winter-ritebook-shelf",
      "skill_name": "documentation-and-adrs",
      "target": ".agents/skills/documentation-and-adrs",
      "source": "git@github.com:ondrej-winter/ritebook-shelf.git",
      "source_type": "git_url",
      "source_revision": "766bb48889dbd29b33177d5c0d6f3ad484913163",
      "index_digest": "sha256:823b0211811e1d484212eadd2278a2ad1366f172a6f295e03756cdba3451a7cf",
      "index_schema_version": 1,
      "skill_path": "skills/agnostic-software-development/documentation-and-adrs",
      "skill_file": "skills/agnostic-software-development/documentation-and-adrs/SKILL.md",
      "locked_at": "2026-08-26T18:38:07.025889Z",
      "target_ref": "agents"
    },
    {
      "requirement": "ondrej-winter-ritebook-shelf/agnostic-software-development/doubt-driven-development",
      "index_name": "ondrej-winter-ritebook-shelf",
      "skill_name": "doubt-driven-development",
      "target": ".agents/skills/doubt-driven-development",
      "source": "git@github.com:ondrej-winter/ritebook-shelf.git",
      "source_type": "git_url",
      "source_revision": "766bb48889dbd29b33177d5c0d6f3ad484913163",
      "index_digest": "sha256:823b0211811e1d484212eadd2278a2ad1366f172a6f295e03756cdba3451a7cf",
      "index_schema_version": 1,
      "skill_path": "skills/agnostic-software-development/doubt-driven-development",
      "skill_file": "skills/agnostic-software-development/doubt-driven-development/SKILL.md",
      "locked_at": "2026-08-26T18:38:07.025889Z",
      "target_ref": "agents"
    },
    {
      "requirement": "ondrej-winter-ritebook-shelf/agnostic-software-development/frontend-ui-engineering",
      "index_name": "ondrej-winter-ritebook-shelf",
      "skill_name": "frontend-ui-engineering",
      "target": ".agents/skills/frontend-ui-engineering",
      "source": "git@github.com:ondrej-winter/ritebook-shelf.git",
      "source_type": "git_url",
      "source_revision": "766bb48889dbd29b33177d5c0d6f3ad484913163",
      "index_digest": "sha256:823b0211811e1d484212eadd2278a2ad1366f172a6f295e03756cdba3451a7cf",
      "index_schema_version": 1,
      "skill_path": "skills/agnostic-software-development/frontend-ui-engineering",
      "skill_file": "skills/agnostic-software-development/frontend-ui-engineering/SKILL.md",
      "locked_at": "2026-08-26T18:38:07.025889Z",
      "target_ref": "agents"
    },
    {
      "requirement": "ondrej-winter-ritebook-shelf/agnostic-software-development/git-workflow-and-versioning",
      "index_name": "ondrej-winter-ritebook-shelf",
      "skill_name": "git-workflow-and-versioning",
      "target": ".agents/skills/git-workflow-and-versioning",
      "source": "git@github.com:ondrej-winter/ritebook-shelf.git",
      "source_type": "git_url",
      "source_revision": "766bb48889dbd29b33177d5c0d6f3ad484913163",
      "index_digest": "sha256:823b0211811e1d484212eadd2278a2ad1366f172a6f295e03756cdba3451a7cf",
      "index_schema_version": 1,
      "skill_path": "skills/agnostic-software-development/git-workflow-and-versioning",
      "skill_file": "skills/agnostic-software-development/git-workflow-and-versioning/SKILL.md",
      "locked_at": "2026-08-26T18:38:07.025889Z",
      "target_ref": "agents"
    },
    {
      "requirement": "ondrej-winter-ritebook-shelf/agnostic-software-development/hexagonal-vertical-slices",
      "index_name": "ondrej-winter-ritebook-shelf",
      "skill_name": "hexagonal-vertical-slices",
      "target": ".agents/skills/hexagonal-vertical-slices",
      "source": "git@github.com:ondrej-winter/ritebook-shelf.git",
      "source_type": "git_url",
      "source_revision": "766bb48889dbd29b33177d5c0d6f3ad484913163",
      "index_digest": "sha256:823b0211811e1d484212eadd2278a2ad1366f172a6f295e03756cdba3451a7cf",
      "index_schema_version": 1,
      "skill_path": "skills/agnostic-software-development/hexagonal-vertical-slices",
      "skill_file": "skills/agnostic-software-development/hexagonal-vertical-slices/SKILL.md",
      "locked_at": "2026-08-26T18:38:07.025889Z",
      "target_ref": "agents"
    },
    {
      "requirement": "ondrej-winter-ritebook-shelf/agnostic-software-development/idea-refine",
      "index_name": "ondrej-winter-ritebook-shelf",
      "skill_name": "idea-refine",
      "target": ".agents/skills/idea-refine",
      "source": "git@github.com:ondrej-winter/ritebook-shelf.git",
      "source_type": "git_url",
      "source_revision": "766bb48889dbd29b33177d5c0d6f3ad484913163",
      "index_digest": "sha256:823b0211811e1d484212eadd2278a2ad1366f172a6f295e03756cdba3451a7cf",
      "index_schema_version": 1,
      "skill_path": "skills/agnostic-software-development/idea-refine",
      "skill_file": "skills/agnostic-software-development/idea-refine/SKILL.md",
      "locked_at": "2026-08-26T18:38:07.025889Z",
      "target_ref": "agents"
    },
    {
      "requirement": "ondrej-winter-ritebook-shelf/agnostic-software-development/incremental-implementation",
      "index_name": "ondrej-winter-ritebook-shelf",
      "skill_name": "incremental-implementation",
      "target": ".agents/skills/incremental-implementation",
      "source": "git@github.com:ondrej-winter/ritebook-shelf.git",
      "source_type": "git_url",
      "source_revision": "766bb48889dbd29b33177d5c0d6f3ad484913163",
      "index_digest": "sha256:823b0211811e1d484212eadd2278a2ad1366f172a6f295e03756cdba3451a7cf",
      "index_schema_version": 1,
      "skill_path": "skills/agnostic-software-development/incremental-implementation",
      "skill_file": "skills/agnostic-software-development/incremental-implementation/SKILL.md",
      "locked_at": "2026-08-26T18:38:07.025889Z",
      "target_ref": "agents"
    },
    {
      "requirement": "ondrej-winter-ritebook-shelf/agnostic-software-development/interview-me",
      "index_name": "ondrej-winter-ritebook-shelf",
      "skill_name": "interview-me",
      "target": ".agents/skills/interview-me",
      "source": "git@github.com:ondrej-winter/ritebook-shelf.git",
      "source_type": "git_url",
      "source_revision": "766bb48889dbd29b33177d5c0d6f3ad484913163",
      "index_digest": "sha256:823b0211811e1d484212eadd2278a2ad1366f172a6f295e03756cdba3451a7cf",
      "index_schema_version": 1,
      "skill_path": "skills/agnostic-software-development/interview-me",
      "skill_file": "skills/agnostic-software-development/interview-me/SKILL.md",
      "locked_at": "2026-08-26T18:38:07.025889Z",
      "target_ref": "agents"
    },
    {
      "requirement": "ondrej-winter-ritebook-shelf/agnostic-software-development/performance-optimization",
      "index_name": "ondrej-winter-ritebook-shelf",
      "skill_name": "performance-optimization",
      "target": ".agents/skills/performance-optimization",
      "source": "git@github.com:ondrej-winter/ritebook-shelf.git",
      "source_type": "git_url",
      "source_revision": "766bb48889dbd29b33177d5c0d6f3ad484913163",
      "index_digest": "sha256:823b0211811e1d484212eadd2278a2ad1366f172a6f295e03756cdba3451a7cf",
      "index_schema_version": 1,
      "skill_path": "skills/agnostic-software-development/performance-optimization",
      "skill_file": "skills/agnostic-software-development/performance-optimization/SKILL.md",
      "locked_at": "2026-08-26T18:38:07.025889Z",
      "target_ref": "agents"
    },
    {
      "requirement": "ondrej-winter-ritebook-shelf/agnostic-software-development/planning-and-task-breakdown",
      "index_name": "ondrej-winter-ritebook-shelf",
      "skill_name": "planning-and-task-breakdown",
      "target": ".agents/skills/planning-and-task-breakdown",
      "source": "git@github.com:ondrej-winter/ritebook-shelf.git",
      "source_type": "git_url",
      "source_revision": "766bb48889dbd29b33177d5c0d6f3ad484913163",
      "index_digest": "sha256:823b0211811e1d484212eadd2278a2ad1366f172a6f295e03756cdba3451a7cf",
      "index_schema_version": 1,
      "skill_path": "skills/agnostic-software-development/planning-and-task-breakdown",
      "skill_file": "skills/agnostic-software-development/planning-and-task-breakdown/SKILL.md",
      "locked_at": "2026-08-26T18:38:07.025889Z",
      "target_ref": "agents"
    },
    {
      "requirement": "ondrej-winter-ritebook-shelf/agnostic-software-development/review-implementation-plan",
      "index_name": "ondrej-winter-ritebook-shelf",
      "skill_name": "review-implementation-plan",
      "target": ".agents/skills/review-implementation-plan",
      "source": "git@github.com:ondrej-winter/ritebook-shelf.git",
      "source_type": "git_url",
      "source_revision": "766bb48889dbd29b33177d5c0d6f3ad484913163",
      "index_digest": "sha256:823b0211811e1d484212eadd2278a2ad1366f172a6f295e03756cdba3451a7cf",
      "index_schema_version": 1,
      "skill_path": "skills/agnostic-software-development/review-implementation-plan",
      "skill_file": "skills/agnostic-software-development/review-implementation-plan/SKILL.md",
      "locked_at": "2026-08-26T18:38:07.025889Z",
      "target_ref": "agents"
    },
    {
      "requirement": "ondrej-winter-ritebook-shelf/agnostic-software-development/run-local-quality-gate",
      "index_name": "ondrej-winter-ritebook-shelf",
      "skill_name": "run-local-quality-gate",
      "target": ".agents/skills/run-local-quality-gate",
      "source": "git@github.com:ondrej-winter/ritebook-shelf.git",
      "source_type": "git_url",
      "source_revision": "766bb48889dbd29b33177d5c0d6f3ad484913163",
      "index_digest": "sha256:823b0211811e1d484212eadd2278a2ad1366f172a6f295e03756cdba3451a7cf",
      "index_schema_version": 1,
      "skill_path": "skills/agnostic-software-development/run-local-quality-gate",
      "skill_file": "skills/agnostic-software-development/run-local-quality-gate/SKILL.md",
      "locked_at": "2026-08-26T18:38:07.025889Z",
      "target_ref": "agents"
    },
    {
      "requirement": "ondrej-winter-ritebook-shelf/agnostic-software-development/security-and-hardening",
      "index_name": "ondrej-winter-ritebook-shelf",
      "skill_name": "security-and-hardening",
      "target": ".agents/skills/security-and-hardening",
      "source": "git@github.com:ondrej-winter/ritebook-shelf.git",
      "source_type": "git_url",
      "source_revision": "766bb48889dbd29b33177d5c0d6f3ad484913163",
      "index_digest": "sha256:823b0211811e1d484212eadd2278a2ad1366f172a6f295e03756cdba3451a7cf",
      "index_schema_version": 1,
      "skill_path": "skills/agnostic-software-development/security-and-hardening",
      "skill_file": "skills/agnostic-software-development/security-and-hardening/SKILL.md",
      "locked_at": "2026-08-26T18:38:07.025889Z",
      "target_ref": "agents"
    },
    {
      "requirement": "ondrej-winter-ritebook-shelf/agnostic-software-development/shipping-and-launch",
      "index_name": "ondrej-winter-ritebook-shelf",
      "skill_name": "shipping-and-launch",
      "target": ".agents/skills/shipping-and-launch",
      "source": "git@github.com:ondrej-winter/ritebook-shelf.git",
      "source_type": "git_url",
      "source_revision": "766bb48889dbd29b33177d5c0d6f3ad484913163",
      "index_digest": "sha256:823b0211811e1d484212eadd2278a2ad1366f172a6f295e03756cdba3451a7cf",
      "index_schema_version": 1,
      "skill_path": "skills/agnostic-software-development/shipping-and-launch",
      "skill_file": "skills/agnostic-software-development/shipping-and-launch/SKILL.md",
      "locked_at": "2026-08-26T18:38:07.025889Z",
      "target_ref": "agents"
    },
    {
      "requirement": "ondrej-winter-ritebook-shelf/agnostic-software-development/source-driven-development",
      "index_name": "ondrej-winter-ritebook-shelf",
      "skill_name": "source-driven-development",
      "target": ".agents/skills/source-driven-development",
      "source": "git@github.com:ondrej-winter/ritebook-shelf.git",
      "source_type": "git_url",
      "source_revision": "766bb48889dbd29b33177d5c0d6f3ad484913163",
      "index_digest": "sha256:823b0211811e1d484212eadd2278a2ad1366f172a6f295e03756cdba3451a7cf",
      "index_schema_version": 1,
      "skill_path": "skills/agnostic-software-development/source-driven-development",
      "skill_file": "skills/agnostic-software-development/source-driven-development/SKILL.md",
      "locked_at": "2026-08-26T18:38:07.025889Z",
      "target_ref": "agents"
    },
    {
      "requirement": "ondrej-winter-ritebook-shelf/agnostic-software-development/spec-driven-development",
      "index_name": "ondrej-winter-ritebook-shelf",
      "skill_name": "spec-driven-development",
      "target": ".agents/skills/spec-driven-development",
      "source": "git@github.com:ondrej-winter/ritebook-shelf.git",
      "source_type": "git_url",
      "source_revision": "766bb48889dbd29b33177d5c0d6f3ad484913163",
      "index_digest": "sha256:823b0211811e1d484212eadd2278a2ad1366f172a6f295e03756cdba3451a7cf",
      "index_schema_version": 1,
      "skill_path": "skills/agnostic-software-development/spec-driven-development",
      "skill_file": "skills/agnostic-software-development/spec-driven-development/SKILL.md",
      "locked_at": "2026-08-26T18:38:07.025889Z",
      "target_ref": "agents"
    },
    {
      "requirement": "ondrej-winter-ritebook-shelf/agnostic-software-development/test-driven-development",
      "index_name": "ondrej-winter-ritebook-shelf",
      "skill_name": "test-driven-development",
      "target": ".agents/skills/test-driven-development",
      "source": "git@github.com:ondrej-winter/ritebook-shelf.git",
      "source_type": "git_url",
      "source_revision": "766bb48889dbd29b33177d5c0d6f3ad484913163",
      "index_digest": "sha256:823b0211811e1d484212eadd2278a2ad1366f172a6f295e03756cdba3451a7cf",
      "index_schema_version": 1,
      "skill_path": "skills/agnostic-software-development/test-driven-development",
      "skill_file": "skills/agnostic-software-development/test-driven-development/SKILL.md",
      "locked_at": "2026-08-26T18:38:07.025889Z",
      "target_ref": "agents"
    },
    {
      "requirement": "ondrej-winter-ritebook-shelf/agnostic-software-development/update-project-docs",
      "index_name": "ondrej-winter-ritebook-shelf",
      "skill_name": "update-project-docs",
      "target": ".agents/skills/update-project-docs",
      "source": "git@github.com:ondrej-winter/ritebook-shelf.git",
      "source_type": "git_url",
      "source_revision": "766bb48889dbd29b33177d5c0d6f3ad484913163",
      "index_digest": "sha256:823b0211811e1d484212eadd2278a2ad1366f172a6f295e03756cdba3451a7cf",
      "index_schema_version": 1,
      "skill_path": "skills/agnostic-software-development/update-project-docs",
      "skill_file": "skills/agnostic-software-development/update-project-docs/SKILL.md",
      "locked_at": "2026-08-26T18:38:07.025889Z",
      "target_ref": "agents"
    },
    {
      "requirement": "ondrej-winter-ritebook-shelf/agnostic-software-development/using-agnostic-software-development-skills",
      "index_name": "ondrej-winter-ritebook-shelf",
      "skill_name": "using-agnostic-software-development-skills",
      "target": ".agents/skills/using-agnostic-software-development-skills",
      "source": "git@github.com:ondrej-winter/ritebook-shelf.git",
      "source_type": "git_url",
      "source_revision": "766bb48889dbd29b33177d5c0d6f3ad484913163",
      "index_digest": "sha256:823b0211811e1d484212eadd2278a2ad1366f172a6f295e03756cdba3451a7cf",
      "index_schema_version": 1,
      "skill_path": "skills/agnostic-software-development/using-agnostic-software-development-skills",
      "skill_file": "skills/agnostic-software-development/using-agnostic-software-development-skills/SKILL.md",
      "locked_at": "2026-08-26T18:38:07.025889Z",
      "target_ref": "agents"
    },
    {
      "requirement": "ondrej-winter-ritebook-shelf/agnostic-software-development/write-adr",
      "index_name": "ondrej-winter-ritebook-shelf",
      "skill_name": "write-adr",
      "target": ".agents/skills/write-adr",
      "source": "git@github.com:ondrej-winter/ritebook-shelf.git",
      "source_type": "git_url",
      "source_revision": "766bb48889dbd29b33177d5c0d6f3ad484913163",
      "index_digest": "sha256:823b0211811e1d484212eadd2278a2ad1366f172a6f295e03756cdba3451a7cf",
      "index_schema_version": 1,
      "skill_path": "skills/agnostic-software-development/write-adr",
      "skill_file": "skills/agnostic-software-development/write-adr/SKILL.md",
      "locked_at": "2026-08-26T18:38:07.025889Z",
      "target_ref": "agents"
    }
  ]
}
